
Microsoft Visual Studio Solution File, Format Version 12.00
# Visual Studio Version 17
VisualStudioVersion = 17.3.32811.315
MinimumVisualStudioVersion = 10.0.40219.1
Project("{FAE04EC0-301F-11D3-BF4B-00C04F79EFBC}") = "MethodExercise", "MethodEx\MethodExercise.csproj", "{564AE737-BF7C-41AE-ADBE-B21BBCE5AB0A}"
EndProject
Global
	GlobalSection(SolutionConfigurationPlatforms) = preSolution
		Debug|Any CPU = Debug|Any CPU
		Release|Any CPU = Release|Any CPU
	EndGlobalSection
	GlobalSection(ProjectConfigurationPlatforms) = postSolution
		{564AE737-BF7C-41AE-ADBE-B21BBCE5AB0A}.Debug|Any CPU.ActiveCfg = Debug|Any CPU
		{564AE737-BF7C-41AE-ADBE-B21BBCE5AB0A}.Debug|Any CPU.Build.0 = Debug|Any CPU
		{564AE737-BF7C-41AE-ADBE-B21BBCE5AB0A}.Release|Any CPU.ActiveCfg = Release|Any CPU
		{564AE737-BF7C-41AE-ADBE-B21BBCE5AB0A}.Release|Any CPU.Build.0 = Release|Any CPU
	EndGlobalSection
	GlobalSection(SolutionProperties) = preSolution
		HideSolutionNode = FALSE
	EndGlobalSection
	GlobalSection(ExtensibilityGlobals) = postSolution
		SolutionGuid = {D1665583-BA0A-4398-A223-8C1A968B6EED}
	EndGlobalSection
EndGlobal
